
Microsoft Visual Studio Solution File, Format Version 12.00
# Visual Studio Version 17
VisualStudioVersion = 17.3.32819.101
MinimumVisualStudioVersion = 10.0.40219.1
Project("{FAE04EC0-301F-11D3-BF4B-00C04F79EFBC}") = "MbzExtractor", "MbzExtractor\MbzExtractor.csproj", "{8B964283-435A-4A71-8286-3B387A3F6ADA}"
EndProject
Global
	GlobalSection(SolutionConfigurationPlatforms) = preSolution
		Debug|Any CPU = Debug|Any CPU
		Release|Any CPU = Release|Any CPU
	EndGlobalSection
	GlobalSection(ProjectConfigurationPlatforms) = postSolution
		{8B964283-435A-4A71-8286-3B387A3F6ADA}.Debug|Any CPU.ActiveCfg = Debug|Any CPU
		{8B964283-435A-4A71-8286-3B387A3F6ADA}.Debug|Any CPU.Build.0 = Debug|Any CPU
		{8B964283-435A-4A71-8286-3B387A3F6ADA}.Release|Any CPU.ActiveCfg = Release|Any CPU
		{8B964283-435A-4A71-8286-3B387A3F6ADA}.Release|Any CPU.Build.0 = Release|Any CPU
	EndGlobalSection
	GlobalSection(SolutionProperties) = preSolution
		HideSolutionNode = FALSE
	EndGlobalSection
	GlobalSection(ExtensibilityGlobals) = postSolution
		SolutionGuid = {DD7E4620-746D-4247-AB26-BD44BCCDCFD2}
	EndGlobalSection
EndGlobal
